<?xml version="1.0" encoding="utf-8"?>
<Project ToolsVersion="4.0" xmlns="http://schemas.microsoft.com/developer/msbuild/2003">
  <ItemGroup>
    <ClCompile Include="dllmain.cpp" />
    <ClCompile Include="LaserSight.cpp" />
    <ClCompile Include="..\dependencies\patterns\Hooking.Patterns.cpp">
      <Filter>dependencies\patterns</Filter>
    </ClCompile>
    <ClCompile Include="Addresses.cpp" />
    <ClCompile Include="CCoronas.cpp">
      <Filter>five</Filter>
    </ClCompile>
    <ClCompile Include="LaserBeam.cpp" />
    <ClCompile Include="fiAssetManager.cpp">
      <Filter>rage</Filter>
    </ClCompile>
    <ClCompile Include="grmShaderFactory.cpp">
      <Filter>rage\graphics</Filter>
    </ClCompile>
    <ClCompile Include="grcDevice.cpp">
      <Filter>rage\graphics</Filter>
    </ClCompile>
    <ClCompile Include="..\dependencies\minhook\src\buffer.c">
      <Filter>dependencies\minhook</Filter>
    </ClCompile>
    <ClCompile Include="..\dependencies\minhook\src\hook.c">
      <Filter>dependencies\minhook</Filter>
    </ClCompile>
    <ClCompile Include="..\dependencies\minhook\src\trampoline.c">
      <Filter>dependencies\minhook</Filter>
    </ClCompile>
    <ClCompile Include="..\dependencies\minhook\src\hde\hde32.c">
      <Filter>dependencies\minhook</Filter>
    </ClCompile>
    <ClCompile Include="..\dependencies\minhook\src\hde\hde64.c">
      <Filter>dependencies\minhook</Filter>
    </ClCompile>
    <ClCompile Include="camBaseCamera.cpp">
      <Filter>five</Filter>
    </ClCompile>
    <ClCompile Include="WorldProbe.cpp">
      <Filter>five</Filter>
    </ClCompile>
    <ClCompile Include="Hashing.cpp">
      <Filter>rage</Filter>
    </ClCompile>
    <ClCompile Include="aiTask.cpp">
      <Filter>rage</Filter>
    </ClCompile>
    <ClCompile Include="ExtendedWeaponComponentLaserSightInfo.cpp" />
    <ClCompile Include="Replay.cpp" />
    <ClCompile Include="CReplay.cpp">
      <Filter>five</Filter>
    </ClCompile>
    <ClCompile Include="fiDevice.cpp">
      <Filter>rage</Filter>
    </ClCompile>
    <ClCompile Include="grcTextureFactory.cpp">
      <Filter>rage\graphics</Filter>
    </ClCompile>
    <ClCompile Include="fwEntity.cpp">
      <Filter>rage</Filter>
    </ClCompile>
    <ClCompile Include="fwTimer.cpp">
      <Filter>rage</Filter>
    </ClCompile>
  </ItemGroup>
  <ItemGroup>
    <ClInclude Include="LaserSight.h" />
    <ClInclude Include="fwEntity.h">
      <Filter>rage</Filter>
    </ClInclude>
    <ClInclude Include="Matrix.h">
      <Filter>rage</Filter>
    </ClInclude>
    <ClInclude Include="Vector.h">
      <Filter>rage</Filter>
    </ClInclude>
    <ClInclude Include="Addresses.h" />
    <ClInclude Include="CCoronas.h">
      <Filter>five</Filter>
    </ClInclude>
    <ClInclude Include="CWeaponComponentLaserSight.h">
      <Filter>five</Filter>
    </ClInclude>
    <ClInclude Include="LaserBeam.h" />
    <ClInclude Include="fiAssetManager.h">
      <Filter>rage</Filter>
    </ClInclude>
    <ClInclude Include="grmShaderFactory.h">
      <Filter>rage\graphics</Filter>
    </ClInclude>
    <ClInclude Include="atArray.h">
      <Filter>rage</Filter>
    </ClInclude>
    <ClInclude Include="grcDevice.h">
      <Filter>rage\graphics</Filter>
    </ClInclude>
    <ClInclude Include="camBaseCamera.h">
      <Filter>five</Filter>
    </ClInclude>
    <ClInclude Include="WorldProbe.h">
      <Filter>five</Filter>
    </ClInclude>
    <ClInclude Include="Hashing.h">
      <Filter>rage</Filter>
    </ClInclude>
    <ClInclude Include="aiTask.h">
      <Filter>rage</Filter>
    </ClInclude>
    <ClInclude Include="CTaskAimGun.h">
      <Filter>five</Filter>
    </ClInclude>
    <ClInclude Include="parStructure.h">
      <Filter>rage\parser</Filter>
    </ClInclude>
    <ClInclude Include="ExtendedWeaponComponentLaserSightInfo.h" />
    <ClInclude Include="Replay.h" />
    <ClInclude Include="CReplay.h">
      <Filter>five</Filter>
    </ClInclude>
    <ClInclude Include="Resources.h" />
    <ClInclude Include="fiDevice.h">
      <Filter>rage</Filter>
    </ClInclude>
    <ClInclude Include="grcTextureFactory.h">
      <Filter>rage\graphics</Filter>
    </ClInclude>
    <ClInclude Include="CWeapon.h">
      <Filter>five</Filter>
    </ClInclude>
    <ClInclude Include="fwTimer.h">
      <Filter>rage</Filter>
    </ClInclude>
  </ItemGroup>
  <ItemGroup>
    <Filter Include="dependencies">
      <UniqueIdentifier>{8f9a38b9-1dbf-4d33-bfb1-f2b0f2990a2e}</UniqueIdentifier>
    </Filter>
    <Filter Include="dependencies\patterns">
      <UniqueIdentifier>{edb7a753-3599-484d-bdb0-87c35b27df77}</UniqueIdentifier>
    </Filter>
    <Filter Include="rage">
      <UniqueIdentifier>{6ebf6447-66ab-4710-b292-a31f68efe5a2}</UniqueIdentifier>
    </Filter>
    <Filter Include="five">
      <UniqueIdentifier>{dd37aa12-e21a-45b7-8bb4-75c10032f951}</UniqueIdentifier>
    </Filter>
    <Filter Include="rage\graphics">
      <UniqueIdentifier>{2706379b-03f3-4f09-8832-3e591899f893}</UniqueIdentifier>
    </Filter>
    <Filter Include="dependencies\minhook">
      <UniqueIdentifier>{81ace18d-72bf-4623-8e2b-c8da78d61090}</UniqueIdentifier>
    </Filter>
    <Filter Include="rage\parser">
      <UniqueIdentifier>{1149294a-b1c1-47c0-9ef9-9e6ba54a25a8}</UniqueIdentifier>
    </Filter>
    <Filter Include="shaders">
      <UniqueIdentifier>{29c3d6d6-0024-4323-ae21-8e3ab6a27c02}</UniqueIdentifier>
    </Filter>
    <Filter Include="shaders\lib">
      <UniqueIdentifier>{c117d7fc-1d66-47b7-8fbd-da792c4ba082}</UniqueIdentifier>
    </Filter>
    <Filter Include="shaders\lib\lq">
      <UniqueIdentifier>{9e51fe9c-49c5-4abe-914f-672a8200a84f}</UniqueIdentifier>
    </Filter>
    <Filter Include="shaders\lib\hq">
      <UniqueIdentifier>{22790998-2eb0-479d-9422-437759f74162}</UniqueIdentifier>
    </Filter>
    <Filter Include="resources">
      <UniqueIdentifier>{12b6382d-3a38-457f-88f7-bcf583f2c477}</UniqueIdentifier>
    </Filter>
  </ItemGroup>
  <ItemGroup>
    <ResourceCompile Include="Resources.rc" />
  </ItemGroup>
  <ItemGroup>
    <FxCompile Include="shaders\lib\lq\misc_globals.fx">
      <Filter>shaders\lib\lq</Filter>
    </FxCompile>
    <FxCompile Include="shaders\lib\hq\misc_globals.fx">
      <Filter>shaders\lib\hq</Filter>
    </FxCompile>
    <FxCompile Include="shaders\lib\rage_shared.fx">
      <Filter>shaders\lib</Filter>
    </FxCompile>
    <FxCompile Include="shaders\laserbeam.fx">
      <Filter>shaders</Filter>
    </FxCompile>
  </ItemGroup>
  <ItemGroup>
    <None Include="shaders\laserbeam.fxc">
      <Filter>shaders</Filter>
    </None>
    <None Include="shaders\laserbeam_lq.fxc">
      <Filter>shaders</Filter>
    </None>
  </ItemGroup>
  <ItemGroup>
    <Image Include="resources\laser_noise.dds">
      <Filter>resources</Filter>
    </Image>
  </ItemGroup>
</Project>